<Solution>
  <Project Path="src/AgentFrameworkToolkit.Anthropic/AgentFrameworkToolkit.Anthropic.csproj" />
  <Project Path="src/AgentFrameworkToolkit.AzureOpenAI/AgentFrameworkToolkit.AzureOpenAI.csproj" />
  <Project Path="src/AgentFrameworkToolkit.Google/AgentFrameworkToolkit.Google.csproj" />
  <Project Path="src/AgentFrameworkToolkit.OpenAI/AgentFrameworkToolkit.OpenAI.csproj" />
  <Project Path="src/AgentFrameworkToolkit.XAI/AgentFrameworkToolkit.XAI.csproj" />
  <Project Path="src/AgentFrameworkToolkit/AgentFrameworkToolkit.csproj" />
  <Project Path="src/Samples/Samples.csproj" />
</Solution>
